// !$*UTF8*$!
{
	archiveVersion = 1;
	classes = {
	};
	objectVersion = 46;
	objects = {

/* Begin PBXBuildFile section */
		BAAE9ADF1DE2952B007F7AFE /* AppDelegate.swift in Sources */ = {isa = PBXBuildFile; fileRef = BAAE9ADE1DE2952B007F7AFE /* AppDelegate.swift */; };
		BAAE9AE11DE2952B007F7AFE /* ViewController.swift in Sources */ = {isa = PBXBuildFile; fileRef = BAAE9AE01DE2952B007F7AFE /* ViewController.swift */; };
		BAAE9AE41DE2952B007F7AFE /* Main.storyboard in Resources */ = {isa = PBXBuildFile; fileRef = BAAE9AE21DE2952B007F7AFE /* Main.storyboard */; };
		BAAE9AE61DE2952B007F7AFE /* Assets.xcassets in Resources */ = {isa = PBXBuildFile; fileRef = BAAE9AE51DE2952B007F7AFE /* Assets.xcassets */; };
		BAAE9AE91DE2952B007F7AFE /* LaunchScreen.storyboard in Resources */ = {isa = PBXBuildFile; fileRef = BAAE9AE71DE2952B007F7AFE /* LaunchScreen.storyboard */; };
		BAAE9AF41DE2952B007F7AFE /* The_Count_3Tests.swift in Sources */ = {isa = PBXBuildFile; fileRef = BAAE9AF31DE2952B007F7AFE /* The_Count_3Tests.swift */; };
		BAAE9AFF1DE2952B007F7AFE /* The_Count_3UITests.swift in Sources */ = {isa = PBXBuildFile; fileRef = BAAE9AFE1DE2952B007F7AFE /* The_Count_3UITests.swift */; };
/* End PBXBuildFile section */

/* Begin PBXContainerItemProxy section */
		BAAE9AF01DE2952B007F7AFE /* PBXContainerItemProxy */ = {
			isa = PBXContainerItemProxy;
			containerPortal = BAAE9AD31DE2952B007F7AFE /* Project object */;
			proxyType = 1;
			remoteGlobalIDString = BAAE9ADA1DE2952B007F7AFE;
			remoteInfo = "The Count 3";
		};
		BAAE9AFB1DE2952B007F7AFE /* PBXContainerItemProxy */ = {
			isa = PBXContainerItemProxy;
			containerPortal = BAAE9AD31DE2952B007F7AFE /* Project object */;
			proxyType = 1;
			remoteGlobalIDString = BAAE9ADA1DE2952B007F7AFE;
			remoteInfo = "The Count 3";
		};
/* End PBXContainerItemProxy section */

/* Begin PBXFileReference section */
		BAAE9ADB1DE2952B007F7AFE /* The Count 3.app */ = {isa = PBXFileReference; explicitFileType = wrapper.application; includeInIndex = 0; path = "The Count 3.app"; sourceTree = BUILT_PRODUCTS_DIR; };
		BAAE9ADE1DE2952B007F7AFE /* AppDelegate.swift */ = {isa = PBXFileReference; lastKnownFileType = sourcecode.swift; path = AppDelegate.swift; sourceTree = "<group>"; };
		BAAE9AE01DE2952B007F7AFE /* ViewController.swift */ = {isa = PBXFileReference; lastKnownFileType = sourcecode.swift; path = ViewController.swift; sourceTree = "<group>"; };
		BAAE9AE31DE2952B007F7AFE /* Base */ = {isa = PBXFileReference; lastKnownFileType = file.storyboard; name = Base; path = Base.lproj/Main.storyboard; sourceTree = "<group>"; };
		BAAE9AE51DE2952B007F7AFE /* Assets.xcassets */ = {isa = PBXFileReference; lastKnownFileType = folder.assetcatalog; path = Assets.xcassets; sourceTree = "<group>"; };
		BAAE9AE81DE2952B007F7AFE /* Base */ = {isa = PBXFileReference; lastKnownFileType = file.storyboard; name = Base; path = Base.lproj/LaunchScreen.storyboard; sourceTree = "<group>"; };
		BAAE9AEA1DE2952B007F7AFE /* Info.plist */ = {isa = PBXFileReference; lastKnownFileType = text.plist.xml; path = Info.plist; sourceTree = "<group>"; };
		BAAE9AEF1DE2952B007F7AFE /* The Count 3Tests.xctest */ = {isa = PBXFileReference; explicitFileType = wrapper.cfbundle; includeInIndex = 0; path = "The Count 3Tests.xctest"; sourceTree = BUILT_PRODUCTS_DIR; };
		BAAE9AF31DE2952B007F7AFE /* The_Count_3Tests.swift */ = {isa = PBXFileReference; lastKnownFileType = sourcecode.swift; path = The_Count_3Tests.swift; sourceTree = "<group>"; };
		BAAE9AF51DE2952B007F7AFE /* Info.plist */ = {isa = PBXFileReference; lastKnownFileType = text.plist.xml; path = Info.plist; sourceTree = "<group>"; };
		BAAE9AFA1DE2952B007F7AFE /* The Count 3UITests.xctest */ = {isa = PBXFileReference; explicitFileType = wrapper.cfbundle; includeInIndex = 0; path = "The Count 3UITests.xctest"; sourceTree = BUILT_PRODUCTS_DIR; };
		BAAE9AFE1DE2952B007F7AFE /* The_Count_3UITests.swift */ = {isa = PBXFileReference; lastKnownFileType = sourcecode.swift; path = The_Count_3UITests.swift; sourceTree = "<group>"; };
		BAAE9B001DE2952B007F7AFE /* Info.plist */ = {isa = PBXFileReference; lastKnownFileType = text.plist.xml; path = Info.plist; sourceTree = "<group>"; };
/* End PBXFileReference section */

/* Begin PBXFrameworksBuildPhase section */
		BAAE9AD81DE2952B007F7AFE /* Frameworks */ = {
			isa = PBXFrameworksBuildPhase;
			buildActionMask = 2147483647;
			files = (
			);
			runOnlyForDeploymentPostprocessing = 0;
		};
		BAAE9AEC1DE2952B007F7AFE /* Frameworks */ = {
			isa = PBXFrameworksBuildPhase;
			buildActionMask = 2147483647;
			files = (
			);
			runOnlyForDeploymentPostprocessing = 0;
		};
		BAAE9AF71DE2952B007F7AFE /* Frameworks */ = {
			isa = PBXFrameworksBuildPhase;
			buildActionMask = 2147483647;
			files = (
			);
			runOnlyForDeploymentPostprocessing = 0;
		};
/* End PBXFrameworksBuildPhase section */

/* Begin PBXGroup section */
		BAAE9AD21DE2952B007F7AFE = {
			isa = PBXGroup;
			children = (
				BAAE9ADD1DE2952B007F7AFE /* The Count 3 */,
				BAAE9AF21DE2952B007F7AFE /* The Count 3Tests */,
				BAAE9AFD1DE2952B007F7AFE /* The Count 3UITests */,
				BAAE9ADC1DE2952B007F7AFE /* Products */,
			);
			sourceTree = "<group>";
		};
		BAAE9ADC1DE2952B007F7AFE /* Products */ = {
			isa = PBXGroup;
			children = (
				BAAE9ADB1DE2952B007F7AFE /* The Count 3.app */,
				BAAE9AEF1DE2952B007F7AFE /* The Count 3Tests.xctest */,
				BAAE9AFA1DE2952B007F7AFE /* The Count 3UITests.xctest */,
			);
			name = Products;
			sourceTree = "<group>";
		};
		BAAE9ADD1DE2952B007F7AFE /* The Count 3 */ = {
			isa = PBXGroup;
			children = (
				BAAE9ADE1DE2952B007F7AFE /* AppDelegate.swift */,
				BAAE9AE01DE2952B007F7AFE /* ViewController.swift */,
				BAAE9AE21DE2952B007F7AFE /* Main.storyboard */,
				BAAE9AE51DE2952B007F7AFE /* Assets.xcassets */,
				BAAE9AE71DE2952B007F7AFE /* LaunchScreen.storyboard */,
				BAAE9AEA1DE2952B007F7AFE /* Info.plist */,
			);
			path = "The Count 3";
			sourceTree = "<group>";
		};
		BAAE9AF21DE2952B007F7AFE /* The Count 3Tests */ = {
			isa = PBXGroup;
			children = (
				BAAE9AF31DE2952B007F7AFE /* The_Count_3Tests.swift */,
				BAAE9AF51DE2952B007F7AFE /* Info.plist */,
			);
			path = "The Count 3Tests";
			sourceTree = "<group>";
		};
		BAAE9AFD1DE2952B007F7AFE /* The Count 3UITests */ = {
			isa = PBXGroup;
			children = (
				BAAE9AFE1DE2952B007F7AFE /* The_Count_3UITests.swift */,
				BAAE9B001DE2952B007F7AFE /* Info.plist */,
			);
			path = "The Count 3UITests";
			sourceTree = "<group>";
		};
/* End PBXGroup section */

/* Begin PBXNativeTarget section */
		BAAE9ADA1DE2952B007F7AFE /* The Count 3 */ = {
			isa = PBXNativeTarget;
			buildConfigurationList = BAAE9B031DE2952B007F7AFE /* Build configuration list for PBXNativeTarget "The Count 3" */;
			buildPhases = (
				BAAE9AD71DE2952B007F7AFE /* Sources */,
				BAAE9AD81DE2952B007F7AFE /* Frameworks */,
				BAAE9AD91DE2952B007F7AFE /* Resources */,
			);
			buildRules = (
			);
			dependencies = (
			);
			name = "The Count 3";
			productName = "The Count 3";
			productReference = BAAE9ADB1DE2952B007F7AFE /* The Count 3.app */;
			productType = "com.apple.product-type.application";
		};
		BAAE9AEE1DE2952B007F7AFE /* The Count 3Tests */ = {
			isa = PBXNativeTarget;
			buildConfigurationList = BAAE9B061DE2952B007F7AFE /* Build configuration list for PBXNativeTarget "The Count 3Tests" */;
			buildPhases = (
				BAAE9AEB1DE2952B007F7AFE /* Sources */,
				BAAE9AEC1DE2952B007F7AFE /* Frameworks */,
				BAAE9AED1DE2952B007F7AFE /* Resources */,
			);
			buildRules = (
			);
			dependencies = (
				BAAE9AF11DE2952B007F7AFE /* PBXTargetDependency */,
			);
			name = "The Count 3Tests";
			productName = "The Count 3Tests";
			productReference = BAAE9AEF1DE2952B007F7AFE /* The Count 3Tests.xctest */;
			productType = "com.apple.product-type.bundle.unit-test";
		};
		BAAE9AF91DE2952B007F7AFE /* The Count 3UITests */ = {
			isa = PBXNativeTarget;
			buildConfigurationList = BAAE9B091DE2952B007F7AFE /* Build configuration list for PBXNativeTarget "The Count 3UITests" */;
			buildPhases = (
				BAAE9AF61DE2952B007F7AFE /* Sources */,
				BAAE9AF71DE2952B007F7AFE /* Frameworks */,
				BAAE9AF81DE2952B007F7AFE /* Resources */,
			);
			buildRules = (
			);
			dependencies = (
				BAAE9AFC1DE2952B007F7AFE /* PBXTargetDependency */,
			);
			name = "The Count 3UITests";
			productName = "The Count 3UITests";
			productReference = BAAE9AFA1DE2952B007F7AFE /* The Count 3UITests.xctest */;
			productType = "com.apple.product-type.bundle.ui-testing";
		};
/* End PBXNativeTarget section */

/* Begin PBXProject section */
		BAAE9AD31DE2952B007F7AFE /* Project object */ = {
			isa = PBXProject;
			attributes = {
				LastSwiftUpdateCheck = 0730;
				LastUpgradeCheck = 0730;
				ORGANIZATIONNAME = "BSD Academy";
				TargetAttributes = {
					BAAE9ADA1DE2952B007F7AFE = {
						CreatedOnToolsVersion = 7.3.1;
						DevelopmentTeam = ZD87Q7DHH9;
					};
					BAAE9AEE1DE2952B007F7AFE = {
						CreatedOnToolsVersion = 7.3.1;
						DevelopmentTeam = ZD87Q7DHH9;
						TestTargetID = BAAE9ADA1DE2952B007F7AFE;
					};
					BAAE9AF91DE2952B007F7AFE = {
						CreatedOnToolsVersion = 7.3.1;
						DevelopmentTeam = ZD87Q7DHH9;
						TestTargetID = BAAE9ADA1DE2952B007F7AFE;
					};
				};
			};
			buildConfigurationList = BAAE9AD61DE2952B007F7AFE /* Build configuration list for PBXProject "The Count 3" */;
			compatibilityVersion = "Xcode 3.2";
			developmentRegion = English;
			hasScannedForEncodings = 0;
			knownRegions = (
				en,
				Base,
			);
			mainGroup = BAAE9AD21DE2952B007F7AFE;
			productRefGroup = BAAE9ADC1DE2952B007F7AFE /* Products */;
			projectDirPath = "";
			projectRoot = "";
			targets = (
				BAAE9ADA1DE2952B007F7AFE /* The Count 3 */,
				BAAE9AEE1DE2952B007F7AFE /* The Count 3Tests */,
				BAAE9AF91DE2952B007F7AFE /* The Count 3UITests */,
			);
		};
/* End PBXProject section */

/* Begin PBXResourcesBuildPhase section */
		BAAE9AD91DE2952B007F7AFE /* Resources */ = {
			isa = PBXResourcesBuildPhase;
			buildActionMask = 2147483647;
			files = (
				BAAE9AE91DE2952B007F7AFE /* LaunchScreen.storyboard in Resources */,
				BAAE9AE61DE2952B007F7AFE /* Assets.xcassets in Resources */,
				BAAE9AE41DE2952B007F7AFE /* Main.storyboard in Resources */,
			);
			runOnlyForDeploymentPostprocessing = 0;
		};
		BAAE9AED1DE2952B007F7AFE /* Resources */ = {
			isa = PBXResourcesBuildPhase;
			buildActionMask = 2147483647;
			files = (
			);
			runOnlyForDeploymentPostprocessing = 0;
		};
		BAAE9AF81DE2952B007F7AFE /* Resources */ = {
			isa = PBXResourcesBuildPhase;
			buildActionMask = 2147483647;
			files = (
			);
			runOnlyForDeploymentPostprocessing = 0;
		};
/* End PBXResourcesBuildPhase section */

/* Begin PBXSourcesBuildPhase section */
		BAAE9AD71DE2952B007F7AFE /* Sources */ = {
			isa = PBXSourcesBuildPhase;
			buildActionMask = 2147483647;
			files = (
				BAAE9AE11DE2952B007F7AFE /* ViewController.swift in Sources */,
				BAAE9ADF1DE2952B007F7AFE /* AppDelegate.swift in Sources */,
			);
			runOnlyForDeploymentPostprocessing = 0;
		};
		BAAE9AEB1DE2952B007F7AFE /* Sources */ = {
			isa = PBXSourcesBuildPhase;
			buildActionMask = 2147483647;
			files = (
				BAAE9AF41DE2952B007F7AFE /* The_Count_3Tests.swift in Sources */,
			);
			runOnlyForDeploymentPostprocessing = 0;
		};
		BAAE9AF61DE2952B007F7AFE /* Sources */ = {
			isa = PBXSourcesBuildPhase;
			buildActionMask = 2147483647;
			files = (
				BAAE9AFF1DE2952B007F7AFE /* The_Count_3UITests.swift in Sources */,
			);
			runOnlyForDeploymentPostprocessing = 0;
		};
/* End PBXSourcesBuildPhase section */

/* Begin PBXTargetDependency section */
		BAAE9AF11DE2952B007F7AFE /* PBXTargetDependency */ = {
			isa = PBXTargetDependency;
			target = BAAE9ADA1DE2952B007F7AFE /* The Count 3 */;
			targetProxy = BAAE9AF01DE2952B007F7AFE /* PBXContainerItemProxy */;
		};
		BAAE9AFC1DE2952B007F7AFE /* PBXTargetDependency */ = {
			isa = PBXTargetDependency;
			target = BAAE9ADA1DE2952B007F7AFE /* The Count 3 */;
			targetProxy = BAAE9AFB1DE2952B007F7AFE /* PBXContainerItemProxy */;
		};
/* End PBXTargetDependency section */

/* Begin PBXVariantGroup section */
		BAAE9AE21DE2952B007F7AFE /* Main.storyboard */ = {
			isa = PBXVariantGroup;
			children = (
				BAAE9AE31DE2952B007F7AFE /* Base */,
			);
			name = Main.storyboard;
			sourceTree = "<group>";
		};
		BAAE9AE71DE2952B007F7AFE /* LaunchScreen.storyboard */ = {
			isa = PBXVariantGroup;
			children = (
				BAAE9AE81DE2952B007F7AFE /* Base */,
			);
			name = LaunchScreen.storyboard;
			sourceTree = "<group>";
		};
/* End PBXVariantGroup section */

/* Begin XCBuildConfiguration section */
		BAAE9B011DE2952B007F7AFE /* Debug */ = {
			isa = XCBuildConfiguration;
			buildSettings = {
				ALWAYS_SEARCH_USER_PATHS = NO;
				CLANG_ANALYZER_NONNULL = YES;
				CLANG_CXX_LANGUAGE_STANDARD = "gnu++0x";
				CLANG_CXX_LIBRARY = "libc++";
				CLANG_ENABLE_MODULES = YES;
				CLANG_ENABLE_OBJC_ARC = YES;
				CLANG_WARN_BOOL_CONVERSION = YES;
				CLANG_WARN_CONSTANT_CONVERSION = YES;
				CLANG_WARN_DIRECT_OBJC_ISA_USAGE = YES_ERROR;
				CLANG_WARN_EMPTY_BODY = YES;
				CLANG_WARN_ENUM_CONVERSION = YES;
				CLANG_WARN_INT_CONVERSION = YES;
				CLANG_WARN_OBJC_ROOT_CLASS = YES_ERROR;
				CLANG_WARN_UNREACHABLE_CODE = YES;
				CLANG_WARN__DUPLICATE_METHOD_MATCH = YES;
				"CODE_SIGN_IDENTITY[sdk=iphoneos*]" = "iPhone Developer";
				COPY_PHASE_STRIP = NO;
				DEBUG_INFORMATION_FORMAT = dwarf;
				ENABLE_STRICT_OBJC_MSGSEND = YES;
				ENABLE_TESTABILITY = YES;
				GCC_C_LANGUAGE_STANDARD = gnu99;
				GCC_DYNAMIC_NO_PIC = NO;
				GCC_NO_COMMON_BLOCKS = YES;
				GCC_OPTIMIZATION_LEVEL = 0;
				GCC_PREPROCESSOR_DEFINITIONS = (
					"DEBUG=1",
					"$(inherited)",
				);
				GCC_WARN_64_TO_32_BIT_CONVERSION = YES;
				GCC_WARN_ABOUT_RETURN_TYPE = YES_ERROR;
				GCC_WARN_UNDECLARED_SELECTOR = YES;
				GCC_WARN_UNINITIALIZED_AUTOS = YES_AGGRESSIVE;
				GCC_WARN_UNUSED_FUNCTION = YES;
				GCC_WARN_UNUSED_VARIABLE = YES;
				IPHONEOS_DEPLOYMENT_TARGET = 9.3;
				MTL_ENABLE_DEBUG_INFO = YES;
				ONLY_ACTIVE_ARCH = YES;
				SDKROOT = iphoneos;
				SWIFT_OPTIMIZATION_LEVEL = "-Onone";
			};
			name = Debug;
		};
		BAAE9B021DE2952B007F7AFE /* Release */ = {
			isa = XCBuildConfiguration;
			buildSettings = {
				ALWAYS_SEARCH_USER_PATHS = NO;
				CLANG_ANALYZER_NONNULL = YES;
				CLANG_CXX_LANGUAGE_STANDARD = "gnu++0x";
				CLANG_CXX_LIBRARY = "libc++";
				CLANG_ENABLE_MODULES = YES;
				CLANG_ENABLE_OBJC_ARC = YES;
				CLANG_WARN_BOOL_CONVERSION = YES;
				CLANG_WARN_CONSTANT_CONVERSION = YES;
				CLANG_WARN_DIRECT_OBJC_ISA_USAGE = YES_ERROR;
				CLANG_WARN_EMPTY_BODY = YES;
				CLANG_WARN_ENUM_CONVERSION = YES;
				CLANG_WARN_INT_CONVERSION = YES;
				CLANG_WARN_OBJC_ROOT_CLASS = YES_ERROR;
				CLANG_WARN_UNREACHABLE_CODE = YES;
				CLANG_WARN__DUPLICATE_METHOD_MATCH = YES;
				"CODE_SIGN_IDENTITY[sdk=iphoneos*]" = "iPhone Developer";
				COPY_PHASE_STRIP = NO;
				DEBUG_INFORMATION_FORMAT = "dwarf-with-dsym";
				ENABLE_NS_ASSERTIONS = NO;
				ENABLE_STRICT_OBJC_MSGSEND = YES;
				GCC_C_LANGUAGE_STANDARD = gnu99;
				GCC_NO_COMMON_BLOCKS = YES;
				GCC_WARN_64_TO_32_BIT_CONVERSION = YES;
				GCC_WARN_ABOUT_RETURN_TYPE = YES_ERROR;
				GCC_WARN_UNDECLARED_SELECTOR = YES;
				GCC_WARN_UNINITIALIZED_AUTOS = YES_AGGRESSIVE;
				GCC_WARN_UNUSED_FUNCTION = YES;
				GCC_WARN_UNUSED_VARIABLE = YES;
				IPHONEOS_DEPLOYMENT_TARGET = 9.3;
				MTL_ENABLE_DEBUG_INFO = NO;
				SDKROOT = iphoneos;
				VALIDATE_PRODUCT = YES;
			};
			name = Release;
		};
		BAAE9B041DE2952B007F7AFE /* Debug */ = {
			isa = XCBuildConfiguration;
			buildSettings = {
				ASSETCATALOG_COMPILER_APPICON_NAME = AppIcon;
				INFOPLIST_FILE = "The Count 3/Info.plist";
				LD_RUNPATH_SEARCH_PATHS = "$(inherited) @executable_path/Frameworks";
				PRODUCT_BUNDLE_IDENTIFIER = "com.bsdacademy.The-Count-3";
				PRODUCT_NAME = "$(TARGET_NAME)";
			};
			name = Debug;
		};
		BAAE9B051DE2952B007F7AFE /* Release */ = {
			isa = XCBuildConfiguration;
			buildSettings = {
				ASSETCATALOG_COMPILER_APPICON_NAME = AppIcon;
				INFOPLIST_FILE = "The Count 3/Info.plist";
				LD_RUNPATH_SEARCH_PATHS = "$(inherited) @executable_path/Frameworks";
				PRODUCT_BUNDLE_IDENTIFIER = "com.bsdacademy.The-Count-3";
				PRODUCT_NAME = "$(TARGET_NAME)";
			};
			name = Release;
		};
		BAAE9B071DE2952B007F7AFE /* Debug */ = {
			isa = XCBuildConfiguration;
			buildSettings = {
				BUNDLE_LOADER = "$(TEST_HOST)";
				INFOPLIST_FILE = "The Count 3Tests/Info.plist";
				LD_RUNPATH_SEARCH_PATHS = "$(inherited) @executable_path/Frameworks @loader_path/Frameworks";
				PRODUCT_BUNDLE_IDENTIFIER = "com.bsdacademy.The-Count-3Tests";
				PRODUCT_NAME = "$(TARGET_NAME)";
				TEST_HOST = "$(BUILT_PRODUCTS_DIR)/The Count 3.app/The Count 3";
			};
			name = Debug;
		};
		BAAE9B081DE2952B007F7AFE /* Release */ = {
			isa = XCBuildConfiguration;
			buildSettings = {
				BUNDLE_LOADER = "$(TEST_HOST)";
				INFOPLIST_FILE = "The Count 3Tests/Info.plist";
				LD_RUNPATH_SEARCH_PATHS = "$(inherited) @executable_path/Frameworks @loader_path/Frameworks";
				PRODUCT_BUNDLE_IDENTIFIER = "com.bsdacademy.The-Count-3Tests";
				PRODUCT_NAME = "$(TARGET_NAME)";
				TEST_HOST = "$(BUILT_PRODUCTS_DIR)/The Count 3.app/The Count 3";
			};
			name = Release;
		};
		BAAE9B0A1DE2952B007F7AFE /* Debug */ = {
			isa = XCBuildConfiguration;
			buildSettings = {
				INFOPLIST_FILE = "The Count 3UITests/Info.plist";
				LD_RUNPATH_SEARCH_PATHS = "$(inherited) @executable_path/Frameworks @loader_path/Frameworks";
				PRODUCT_BUNDLE_IDENTIFIER = "com.bsdacademy.The-Count-3UITests";
				PRODUCT_NAME = "$(TARGET_NAME)";
				TEST_TARGET_NAME = "The Count 3";
			};
			name = Debug;
		};
		BAAE9B0B1DE2952B007F7AFE /* Release */ = {
			isa = XCBuildConfiguration;
			buildSettings = {
				INFOPLIST_FILE = "The Count 3UITests/Info.plist";
				LD_RUNPATH_SEARCH_PATHS = "$(inherited) @executable_path/Frameworks @loader_path/Frameworks";
				PRODUCT_BUNDLE_IDENTIFIER = "com.bsdacademy.The-Count-3UITests";
				PRODUCT_NAME = "$(TARGET_NAME)";
				TEST_TARGET_NAME = "The Count 3";
			};
			name = Release;
		};
/* End XCBuildConfiguration section */

/* Begin XCConfigurationList section */
		BAAE9AD61DE2952B007F7AFE /* Build configuration list for PBXProject "The Count 3" */ = {
			isa = XCConfigurationList;
			buildConfigurations = (
				BAAE9B011DE2952B007F7AFE /* Debug */,
				BAAE9B021DE2952B007F7AFE /* Release */,
			);
			defaultConfigurationIsVisible = 0;
			defaultConfigurationName = Release;
		};
		BAAE9B031DE2952B007F7AFE /* Build configuration list for PBXNativeTarget "The Count 3" */ = {
			isa = XCConfigurationList;
			buildConfigurations = (
				BAAE9B041DE2952B007F7AFE /* Debug */,
				BAAE9B051DE2952B007F7AFE /* Release */,
			);
			defaultConfigurationIsVisible = 0;
		};
		BAAE9B061DE2952B007F7AFE /* Build configuration list for PBXNativeTarget "The Count 3Tests" */ = {
			isa = XCConfigurationList;
			buildConfigurations = (
				BAAE9B071DE2952B007F7AFE /* Debug */,
				BAAE9B081DE2952B007F7AFE /* Release */,
			);
			defaultConfigurationIsVisible = 0;
		};
		BAAE9B091DE2952B007F7AFE /* Build configuration list for PBXNativeTarget "The Count 3UITests" */ = {
			isa = XCConfigurationList;
			buildConfigurations = (
				BAAE9B0A1DE2952B007F7AFE /* Debug */,
				BAAE9B0B1DE2952B007F7AFE /* Release */,
			);
			defaultConfigurationIsVisible = 0;
		};
/* End XCConfigurationList section */
	};
	rootObject = BAAE9AD31DE2952B007F7AFE /* Project object */;
}
